{
  "dependencies": {
    "johnny-five": {
      "from": "https://github.com/jongd/johnny-five/tarball/e559c10ea4cfa8477f2b661f3457734d136e9e86",
      "dependencies": {
        "colors": {
          "version": "0.6.0-1"
        },
        "firmata": {
          "version": "0.2.6",
          "dependencies": {
            "serialport": {
              "version": "1.1.0",
              "dependencies": {
                "bindings": {
                  "version": "1.1.0"
                },
                "async": {
                  "version": "0.1.18"
                },
                "sf": {
                  "version": "0.1.6"
                },
                "optimist": {
                  "version": "0.3.7",
                  "dependencies": {
                    "wordwrap": {
                      "version": "0.0.2"
                    }
                  }
                }
              }
            }
          }
        },
        "lodash": {
          "version": "1.2.1"
        },
        "es6-collections": {
          "version": "0.2.0"
        },
        "socket.io": {
          "version": "0.9.14",
          "dependencies": {
            "socket.io-client": {
              "version": "0.9.11",
              "dependencies": {
                "uglify-js": {
                  "version": "1.2.5"
                },
                "ws": {
                  "version": "0.4.25",
                  "dependencies": {
                    "commander": {
                      "version": "0.6.1"
                    },
                    "tinycolor": {
                      "version": "0.0.1"
                    },
                    "options": {
                      "version": "0.0.5"
                    }
                  }
                },
                "xmlhttprequest": {
                  "version": "1.4.2"
                },
                "active-x-obfuscator": {
                  "version": "0.0.1",
                  "dependencies": {
                    "zeparser": {
                      "version": "0.0.5"
                    }
                  }
                }
              }
            },
            "policyfile": {
              "version": "0.0.4"
            },
            "base64id": {
              "version": "0.1.0"
            },
            "redis": {
              "version": "0.7.3"
            }
          }
        },
        "compulsive": {
          "version": "0.3.1"
        },
        "descriptor": {
          "version": "0.1.0"
        }
      }
    }
  }
}
